
Microsoft Visual Studio Solution File, Format Version 12.00
# Visual Studio Version 16
VisualStudioVersion = 16.0.29409.12
MinimumVisualStudioVersion = 10.0.40219.1
Project("{9A19103F-16F7-4668-BE54-9A1E7A4F7556}") = "EFCore.WebAPI", "EFCore.WebAPI\EFCore.WebAPI.csproj", "{6A25159B-DF19-48AA-BDE4-08CCD8685FD7}"
EndProject
Project("{FAE04EC0-301F-11D3-BF4B-00C04F79EFBC}") = "EFCore.Dominio", "EFCore.Dominio\EFCore.Dominio.csproj", "{D7C21578-9F91-42FA-B65D-A73E32A24195}"
EndProject
Project("{FAE04EC0-301F-11D3-BF4B-00C04F79EFBC}") = "EFCore.Repo", "EFCore.Repo\EFCore.Repo.csproj", "{707E866C-13D2-470F-BEF3-C7DA0BEE989E}"
EndProject
Global
	GlobalSection(SolutionConfigurationPlatforms) = preSolution
		Debug|Any CPU = Debug|Any CPU
		Release|Any CPU = Release|Any CPU
	EndGlobalSection
	GlobalSection(ProjectConfigurationPlatforms) = postSolution
		{6A25159B-DF19-48AA-BDE4-08CCD8685FD7}.Debug|Any CPU.ActiveCfg = Debug|Any CPU
		{6A25159B-DF19-48AA-BDE4-08CCD8685FD7}.Debug|Any CPU.Build.0 = Debug|Any CPU
		{6A25159B-DF19-48AA-BDE4-08CCD8685FD7}.Release|Any CPU.ActiveCfg = Release|Any CPU
		{6A25159B-DF19-48AA-BDE4-08CCD8685FD7}.Release|Any CPU.Build.0 = Release|Any CPU
		{D7C21578-9F91-42FA-B65D-A73E32A24195}.Debug|Any CPU.ActiveCfg = Debug|Any CPU
		{D7C21578-9F91-42FA-B65D-A73E32A24195}.Debug|Any CPU.Build.0 = Debug|Any CPU
		{D7C21578-9F91-42FA-B65D-A73E32A24195}.Release|Any CPU.ActiveCfg = Release|Any CPU
		{D7C21578-9F91-42FA-B65D-A73E32A24195}.Release|Any CPU.Build.0 = Release|Any CPU
		{707E866C-13D2-470F-BEF3-C7DA0BEE989E}.Debug|Any CPU.ActiveCfg = Debug|Any CPU
		{707E866C-13D2-470F-BEF3-C7DA0BEE989E}.Debug|Any CPU.Build.0 = Debug|Any CPU
		{707E866C-13D2-470F-BEF3-C7DA0BEE989E}.Release|Any CPU.ActiveCfg = Release|Any CPU
		{707E866C-13D2-470F-BEF3-C7DA0BEE989E}.Release|Any CPU.Build.0 = Release|Any CPU
	EndGlobalSection
	GlobalSection(SolutionProperties) = preSolution
		HideSolutionNode = FALSE
	EndGlobalSection
	GlobalSection(ExtensibilityGlobals) = postSolution
		SolutionGuid = {4057C148-C1A0-4B5D-AA64-5970FE09C10E}
	EndGlobalSection
EndGlobal
